
Microsoft Visual Studio Solution File, Format Version 12.00
# Visual Studio Version 16
VisualStudioVersion = 16.0.30611.23
MinimumVisualStudioVersion = 10.0.40219.1
Project("{FAE04EC0-301F-11D3-BF4B-00C04F79EFBC}") = "MyHeroServer", "MyHeroServer.csproj", "{9CEA8FA3-F173-4F5B-B587-51A1C5215ACC}"
EndProject
Global
	GlobalSection(SolutionConfigurationPlatforms) = preSolution
		Debug|Any CPU = Debug|Any CPU
		Release|Any CPU = Release|Any CPU
	EndGlobalSection
	GlobalSection(ProjectConfigurationPlatforms) = postSolution
		{9CEA8FA3-F173-4F5B-B587-51A1C5215ACC}.Debug|Any CPU.ActiveCfg = Debug|Any CPU
		{9CEA8FA3-F173-4F5B-B587-51A1C5215ACC}.Debug|Any CPU.Build.0 = Debug|Any CPU
		{9CEA8FA3-F173-4F5B-B587-51A1C5215ACC}.Release|Any CPU.ActiveCfg = Release|Any CPU
		{9CEA8FA3-F173-4F5B-B587-51A1C5215ACC}.Release|Any CPU.Build.0 = Release|Any CPU
	EndGlobalSection
	GlobalSection(SolutionProperties) = preSolution
		HideSolutionNode = FALSE
	EndGlobalSection
	GlobalSection(ExtensibilityGlobals) = postSolution
		SolutionGuid = {178D0891-839A-4400-B21E-0EA97DEA077B}
	EndGlobalSection
EndGlobal
